
Microsoft Visual Studio Solution File, Format Version 12.00
# Visual Studio Version 17
VisualStudioVersion = 17.4.33403.182
MinimumVisualStudioVersion = 10.0.40219.1
Project("{FAE04EC0-301F-11D3-BF4B-00C04F79EFBC}") = "April 17 Homework Image Upload w Password", "April 17 Homework Image Upload w Password\April 17 Homework Image Upload w Password.csproj", "{30026FAA-3F88-4811-8E98-FE80BFE21F4C}"
EndProject
Project("{FAE04EC0-301F-11D3-BF4B-00C04F79EFBC}") = "April 17 Homework Image Upload w Password.Data", "April 17 Homework Image Upload w Password.Data\April 17 Homework Image Upload w Password.Data.csproj", "{4A2E238C-0462-4937-9AD8-2E36B4518BE9}"
EndProject
Global
	GlobalSection(SolutionConfigurationPlatforms) = preSolution
		Debug|Any CPU = Debug|Any CPU
		Release|Any CPU = Release|Any CPU
	EndGlobalSection
	GlobalSection(ProjectConfigurationPlatforms) = postSolution
		{30026FAA-3F88-4811-8E98-FE80BFE21F4C}.Debug|Any CPU.ActiveCfg = Debug|Any CPU
		{30026FAA-3F88-4811-8E98-FE80BFE21F4C}.Debug|Any CPU.Build.0 = Debug|Any CPU
		{30026FAA-3F88-4811-8E98-FE80BFE21F4C}.Release|Any CPU.ActiveCfg = Release|Any CPU
		{30026FAA-3F88-4811-8E98-FE80BFE21F4C}.Release|Any CPU.Build.0 = Release|Any CPU
		{4A2E238C-0462-4937-9AD8-2E36B4518BE9}.Debug|Any CPU.ActiveCfg = Debug|Any CPU
		{4A2E238C-0462-4937-9AD8-2E36B4518BE9}.Debug|Any CPU.Build.0 = Debug|Any CPU
		{4A2E238C-0462-4937-9AD8-2E36B4518BE9}.Release|Any CPU.ActiveCfg = Release|Any CPU
		{4A2E238C-0462-4937-9AD8-2E36B4518BE9}.Release|Any CPU.Build.0 = Release|Any CPU
	EndGlobalSection
	GlobalSection(SolutionProperties) = preSolution
		HideSolutionNode = FALSE
	EndGlobalSection
	GlobalSection(ExtensibilityGlobals) = postSolution
		SolutionGuid = {4F7FAD49-10DD-4914-88C7-8E62A7E4827F}
	EndGlobalSection
EndGlobal
